<?xml version="1.0" encoding="utf-8"?>
<Project ToolsVersion="4.0" xmlns="http://schemas.microsoft.com/developer/msbuild/2003">
  <ItemGroup>
    <Filter Include="Common">
      <UniqueIdentifier>723d22d0-0250-4a5d-955a-e273ae1f9fbd</UniqueIdentifier>
    </Filter>
    <Filter Include="Assets">
      <UniqueIdentifier>c538fa58-aced-45d1-b7d9-b4432f55fedb</UniqueIdentifier>
      <Extensions>bmp;fbx;gif;jpg;jpeg;tga;tiff;tif;png</Extensions>
    </Filter>
    <Filter Include="Content">
      <UniqueIdentifier>93077862-d3a5-4614-af5e-3ebb5b7da5f5</UniqueIdentifier>
    </Filter>
    <ClInclude Include="Common\DirectXHelper.h">
      <Filter>Common</Filter>
    </ClInclude>
    <ClInclude Include="Common\StepTimer.h">
      <Filter>Common</Filter>
    </ClInclude>
    <ClInclude Include="Common\DeviceResources.h">
      <Filter>Common</Filter>
    </ClInclude>
    <ClCompile Include="Common\DeviceResources.cpp">
      <Filter>Common</Filter>
    </ClCompile>
    <ClInclude Include="Content\ShaderStructures.h">
      <Filter>Content</Filter>
    </ClInclude>
    <Image Include="Assets\LockScreenLogo.scale-200.png">
      <Filter>Assets</Filter>
    </Image>
    <Image Include="Assets\SplashScreen.scale-200.png">
      <Filter>Assets</Filter>
    </Image>
    <Image Include="Assets\Square150x150Logo.scale-200.png">
      <Filter>Assets</Filter>
    </Image>
    <Image Include="Assets\Square44x44Logo.scale-200.png">
      <Filter>Assets</Filter>
    </Image>
    <Image Include="Assets\Square44x44Logo.targetsize-24_altform-unplated.png">
      <Filter>Assets</Filter>
    </Image>
    <Image Include="Assets\Wide310x150Logo.scale-200.png">
      <Filter>Assets</Filter>
    </Image>
    <Filter Include="Content\Shaders">
      <UniqueIdentifier>{27b58590-12a3-4e01-92ac-2b2365a4323c}</UniqueIdentifier>
    </Filter>
  </ItemGroup>
  <ItemGroup>
    <ClCompile Include="App.cpp" />
    <ClCompile Include="GenesisMain.cpp" />
    <ClCompile Include="pch.cpp" />
    <ClCompile Include="Content\StarrySky.cpp">
      <Filter>Content</Filter>
    </ClCompile>
    <ClCompile Include="Content\Camera.cpp">
      <Filter>Content</Filter>
    </ClCompile>
    <ClCompile Include="Content\Genesis3DSceneRenderer.cpp">
      <Filter>Content</Filter>
    </ClCompile>
    <ClCompile Include="Content\FpsTextRenderer.cpp">
      <Filter>Content</Filter>
    </ClCompile>
    <ClCompile Include="Content\TessPlanet.cpp" />
    <ClCompile Include="Content\Util.cpp" />
    <ClCompile Include="Content\Pottery.cpp" />
    <ClCompile Include="Content\RayTracing.cpp" />
    <ClCompile Include="Content\ImplicitTerrain.cpp" />
    <ClCompile Include="Content\RayMarching.cpp" />
    <ClCompile Include="Content\NarrowStrip.cpp" />
    <ClCompile Include="Content\RayMarchingSun.cpp" />
    <ClCompile Include="Content\AssetManager.cpp" />
    <ClCompile Include="Content\DDSTextureLoader.cpp" />
    <ClCompile Include="Content\RayMarchingGalaxy.cpp" />
  </ItemGroup>
  <ItemGroup>
    <ClInclude Include="App.h" />
    <ClInclude Include="GenesisMain.h" />
    <ClInclude Include="pch.h" />
    <ClInclude Include="Content\StarrySky.h">
      <Filter>Content</Filter>
    </ClInclude>
    <ClInclude Include="Content\Transform.h">
      <Filter>Content</Filter>
    </ClInclude>
    <ClInclude Include="Content\Camera.h">
      <Filter>Content</Filter>
    </ClInclude>
    <ClInclude Include="Content\Genesis3DSceneRenderer.h">
      <Filter>Content</Filter>
    </ClInclude>
    <ClInclude Include="Content\FpsTextRenderer.h">
      <Filter>Content</Filter>
    </ClInclude>
    <ClInclude Include="Content\Util.h" />
    <ClInclude Include="Content\TessPlanet.h" />
    <ClInclude Include="Content\Pottery.h" />
    <ClInclude Include="Content\PotteryData.data" />
    <ClInclude Include="Content\RayTracing.h" />
    <ClInclude Include="Content\ImplicitTerrain.h" />
    <ClInclude Include="Content\RayMarching.h" />
    <ClInclude Include="Content\NarrowStrip.h" />
    <ClInclude Include="Content\RayMarchingSun.h" />
    <ClInclude Include="Content\AssetManager.h" />
    <ClInclude Include="Content\DDSTextureLoader.h" />
    <ClInclude Include="Content\RayMarchingGalaxy.h" />
  </ItemGroup>
  <ItemGroup>
    <Image Include="Assets\StoreLogo.png">
      <Filter>Assets</Filter>
    </Image>
  </ItemGroup>
  <ItemGroup>
    <AppxManifest Include="Package.appxmanifest" />
  </ItemGroup>
  <ItemGroup>
    <FxCompile Include="Content\Shaders\StarrySky\StarrySkyVS.hlsl" />
    <FxCompile Include="Content\Shaders\StarrySky\StarrySkyPS.hlsl" />
    <FxCompile Include="Content\Shaders\StarrySky\StarrySkyGS.hlsl" />
    <FxCompile Include="Content\Shaders\DefaultVS.hlsl">
      <Filter>Content\Shaders</Filter>
    </FxCompile>
    <FxCompile Include="Content\Shaders\DefaultPS.hlsl">
      <Filter>Content\Shaders</Filter>
    </FxCompile>
    <FxCompile Include="Content\Shaders\TessellatedPlanet\TessPlanetVS.hlsl" />
    <FxCompile Include="Content\Shaders\TessellatedPlanet\TessPlanetPS.hlsl" />
    <FxCompile Include="Content\Shaders\TessellatedPlanet\TessPlanetHS.hlsl" />
    <FxCompile Include="Content\Shaders\TessellatedPlanet\TessPlanetDS.hlsl" />
    <FxCompile Include="Content\Shaders\Pottery\PotteryVS.hlsl" />
    <FxCompile Include="Content\Shaders\Pottery\PotteryHS.hlsl" />
    <FxCompile Include="Content\Shaders\Pottery\PotteryDS.hlsl" />
    <FxCompile Include="Content\Shaders\Pottery\PotteryPS.hlsl" />
    <FxCompile Include="Content\Shaders\RayTracing\RayTracingVS.hlsl" />
    <FxCompile Include="Content\Shaders\RayTracing\RayTracingPS.hlsl" />
    <FxCompile Include="Content\Shaders\ImplicitTerrain\ImplicitTerrainVS.hlsl" />
    <FxCompile Include="Content\Shaders\ImplicitTerrain\ImplicitTerrainPS.hlsl" />
    <FxCompile Include="Content\Shaders\ImplicitTerrain\ImplicitTerrainPS_2.hlsl" />
    <FxCompile Include="Content\Shaders\RayMarching\RayMarchingVS.hlsl" />
    <FxCompile Include="Content\Shaders\RayMarching\RayMarchingPS.hlsl" />
    <FxCompile Include="Content\Shaders\Pottery\PotteryGS.hlsl" />
    <FxCompile Include="Content\Shaders\TessellatedPlanet\TessPlanetGS.hlsl" />
    <FxCompile Include="Content\Shaders\NarrowStrip\NarrowStripDS.hlsl" />
    <FxCompile Include="Content\Shaders\NarrowStrip\NarrowStripHS.hlsl" />
    <FxCompile Include="Content\Shaders\NarrowStrip\NarrowStripPS.hlsl" />
    <FxCompile Include="Content\Shaders\NarrowStrip\NarrowStripVS.hlsl" />
    <FxCompile Include="Content\Shaders\RayMarching\RayMarchingGalaxyPS.hlsl" />
    <FxCompile Include="Content\Shaders\RayMarching\Sun\RayMarchingSunPS.hlsl" />
    <FxCompile Include="Content\Shaders\RayMarching\Sun\SunVS.hlsl" />
    <FxCompile Include="Content\Shaders\RayMarching\Sun\SunGS.hlsl" />
    <FxCompile Include="Content\Shaders\RayMarching\Sun\SunPS.hlsl" />
  </ItemGroup>
  <ItemGroup>
    <CopyFileToFolders Include="Assets\noise.dds" />
    <CopyFileToFolders Include="Assets\noise2.dds" />
    <CopyFileToFolders Include="Assets\gray_noise_64.dds" />
    <CopyFileToFolders Include="Assets\gray_noise_256.dds" />
    <CopyFileToFolders Include="Assets\rgba_noise_64.dds" />
    <CopyFileToFolders Include="Assets\rgba_noise_256.dds" />
  </ItemGroup>
</Project>